// !$*UTF8*$!
{
	archiveVersion = 1;
	classes = {
	};
	objectVersion = 54;
	objects = {

/* Begin PBXBuildFile section */
		067767D2B9B04B52B3D8E642 /* OpenSans-Italic-VariableFont_wdth,wght.ttf in Resources */ = {isa = PBXBuildFile; fileRef = EFEEA9B7684840B19423B714 /* OpenSans-Italic-VariableFont_wdth,wght.ttf */; };
		13B07FBF1A68108700A75B9A /* Images.xcassets in Resources */ = {isa = PBXBuildFile; fileRef = 13B07FB51A68108700A75B9A /* Images.xcassets */; };
		17E31DEA8435660D5A80E4CE /* PrivacyInfo.xcprivacy in Resources */ = {isa = PBXBuildFile; fileRef = 632C3E1B047465AA233A8DD4 /* PrivacyInfo.xcprivacy */; };
		1C8D7B54116D4E1CA9F82052 /* Onest-Black.ttf in Resources */ = {isa = PBXBuildFile; fileRef = BB5A11F3D4FB459BA200DD37 /* Onest-Black.ttf */; };
		24FCF09A1FBD43B6A613D97E /* Onest-Medium.ttf in Resources */ = {isa = PBXBuildFile; fileRef = 67EC285F08D04006B396F9B2 /* Onest-Medium.ttf */; };
		27FE61D1D07742C4826DDBFB /* Onest-ExtraBold.ttf in Resources */ = {isa = PBXBuildFile; fileRef = 97AFA6E85E6D467C8F97E4D2 /* Onest-ExtraBold.ttf */; };
		3E461D99554A48A4959DE609 /* SplashScreen.storyboard in Resources */ = {isa = PBXBuildFile; fileRef = AA286B85B6C04FC6940260E9 /* SplashScreen.storyboard */; };
		53F5D6A90BC04AE280AFBAF2 /* OpenSans-SemiBold.ttf in Resources */ = {isa = PBXBuildFile; fileRef = 938E944894D64188B58E0FF7 /* OpenSans-SemiBold.ttf */; };
		574E8E844A8C49CC9137BDB5 /* OpenSans_Condensed-Light.ttf in Resources */ = {isa = PBXBuildFile; fileRef = A7FFA70647994D1992D1C87E /* OpenSans_Condensed-Light.ttf */; };
		580883C89B5B4D88A796295D /* OpenSans_SemiCondensed-Medium.ttf in Resources */ = {isa = PBXBuildFile; fileRef = A18CFA21F5094D59A5474AC4 /* OpenSans_SemiCondensed-Medium.ttf */; };
		65AAFFCF91D1AEF0CC3FC760 /* libPods-uofthacks.a in Frameworks */ = {isa = PBXBuildFile; fileRef = D52DD043AF0BBB01946163CF /* libPods-uofthacks.a */; };
		70871B440D7E4A898728F424 /* OpenSans_SemiCondensed-ExtraBold.ttf in Resources */ = {isa = PBXBuildFile; fileRef = 189AD8D4A6E5479F8CE90298 /* OpenSans_SemiCondensed-ExtraBold.ttf */; };
		78250FFDE9D046ED9DE2E88B /* OpenSans_Condensed-Regular.ttf in Resources */ = {isa = PBXBuildFile; fileRef = DCDD139BCCAE4CF98364505E /* OpenSans_Condensed-Regular.ttf */; };
		7B3BE445F12146EAAA57B5D5 /* OpenSans-Regular.ttf in Resources */ = {isa = PBXBuildFile; fileRef = EFFA697D90E4405DBC22472F /* OpenSans-Regular.ttf */; };
		7BBEAFC3B35141CF8BC4E2DF /* OpenSans_Condensed-SemiBold.ttf in Resources */ = {isa = PBXBuildFile; fileRef = 314D62EBD8C948C0B5642849 /* OpenSans_Condensed-SemiBold.ttf */; };
		84FA973E8CBC4EF792177B2C /* OpenSans_Condensed-ExtraBold.ttf in Resources */ = {isa = PBXBuildFile; fileRef = 4989BC35BD9A42EABB527B12 /* OpenSans_Condensed-ExtraBold.ttf */; };
		87BE6931E89E47D7ADD3C126 /* OpenSans_SemiCondensed-SemiBold.ttf in Resources */ = {isa = PBXBuildFile; fileRef = 2F62DBB367154BC6AC18527E /* OpenSans_SemiCondensed-SemiBold.ttf */; };
		8DE98C5F17684A32BD5374D8 /* Onest-Bold.ttf in Resources */ = {isa = PBXBuildFile; fileRef = A35DB966F8F64829829484BD /* Onest-Bold.ttf */; };
		96928D9FF0F64210BB8DE20F /* OpenSans-Bold.ttf in Resources */ = {isa = PBXBuildFile; fileRef = F7DBD06CB461497F9A96A998 /* OpenSans-Bold.ttf */; };
		9A8EF86921B0420E8CBF1D6A /* NotificationService.m in Sources */ = {isa = PBXBuildFile; fileRef = D911422E1A7E443083D6BC5E /* NotificationService.m */; };
		A006AF8F25E144D99C9E49FB /* OpenSans_Condensed-Bold.ttf in Resources */ = {isa = PBXBuildFile; fileRef = 2F8C98DC22FD4C46A290A751 /* OpenSans_Condensed-Bold.ttf */; };
		ACC0561E6B77C8AEAAFAE8B4 /* ExpoModulesProvider.swift in Sources */ = {isa = PBXBuildFile; fileRef = B0DDF4E6C117D8A99C11C4E4 /* ExpoModulesProvider.swift */; };
		AE1ED818E83A4F5FA54C8F95 /* OpenSans_SemiCondensed-Bold.ttf in Resources */ = {isa = PBXBuildFile; fileRef = 864B3A629222413D8429D784 /* OpenSans_SemiCondensed-Bold.ttf */; };
		B44EEC88ED25482B8FD4FC38 /* Onest-SemiBold.ttf in Resources */ = {isa = PBXBuildFile; fileRef = B89A57AC3CA84644A2B9A702 /* Onest-SemiBold.ttf */; };
		B4C51B5EB36F41FDBF451E6F /* Onest-Thin.ttf in Resources */ = {isa = PBXBuildFile; fileRef = 4B0ECCAF261546ABB55EC5F8 /* Onest-Thin.ttf */; };
		BB2F792D24A3F905000567C9 /* Expo.plist in Resources */ = {isa = PBXBuildFile; fileRef = BB2F792C24A3F905000567C9 /* Expo.plist */; };
		BC9F1635FAB8405CAECA8DAD /* NotificationServiceExtension.appex in Copy Files */ = {isa = PBXBuildFile; fileRef = 89C5C5E3A1B44D7BAC7B6FD4 /* NotificationServiceExtension.appex */; };
		BFB27A2982064AF5A3288414 /* OpenSans-Light.ttf in Resources */ = {isa = PBXBuildFile; fileRef = 1CEB9E94BF4F4768982203BC /* OpenSans-Light.ttf */; };
		C7F7E4FD6F0D46898D12C02D /* OpenSans_Condensed-Medium.ttf in Resources */ = {isa = PBXBuildFile; fileRef = 812F5B890C1149B5B2E434E7 /* OpenSans_Condensed-Medium.ttf */; };
		CF50FE74071046A982DF9048 /* OpenSans_SemiCondensed-Light.ttf in Resources */ = {isa = PBXBuildFile; fileRef = 2DD7A62327D24B3896D57842 /* OpenSans_SemiCondensed-Light.ttf */; };
		D0C834CA03F247C3B48BBEDB /* OpenSans-ExtraBold.ttf in Resources */ = {isa = PBXBuildFile; fileRef = 4ECA2721D6304455986B34D4 /* OpenSans-ExtraBold.ttf */; };
		D32387EB7F7848669223E4F8 /* Onest-Light.ttf in Resources */ = {isa = PBXBuildFile; fileRef = 62689ADEE5E4492C8A685F17 /* Onest-Light.ttf */; };
		E4F9FE7E4821454B87D7690C /* OpenSans_SemiCondensed-Regular.ttf in Resources */ = {isa = PBXBuildFile; fileRef = 7A7EB0BFC53F45EF86680956 /* OpenSans_SemiCondensed-Regular.ttf */; };
		F11748422D0307B40044C1D9 /* AppDelegate.swift in Sources */ = {isa = PBXBuildFile; fileRef = F11748412D0307B40044C1D9 /* AppDelegate.swift */; };
		F281AA5F17D7489E8FED6CCD /* Onest-Regular.ttf in Resources */ = {isa = PBXBuildFile; fileRef = DB126C3BC4F04449B547EE93 /* Onest-Regular.ttf */; };
		F5C80F37A0394FDAACBBCE0D /* OpenSans-VariableFont_wdth,wght.ttf in Resources */ = {isa = PBXBuildFile; fileRef = 922FC0DFB8564AA6B8338694 /* OpenSans-VariableFont_wdth,wght.ttf */; };
		F9BD90A9CAFC4C9FB108504E /* Onest-ExtraLight.ttf in Resources */ = {isa = PBXBuildFile; fileRef = 5A17C7BB9B92445DBC965E16 /* Onest-ExtraLight.ttf */; };
		FAA9198E56804597B6C7E4FB /* OpenSans-Medium.ttf in Resources */ = {isa = PBXBuildFile; fileRef = D5030DA847324C448E0392F5 /* OpenSans-Medium.ttf */; };
/* End PBXBuildFile section */

/* Begin PBXContainerItemProxy section */
		315BF57A47504E96A5E9CAEE /* PBXContainerItemProxy */ = {
			isa = PBXContainerItemProxy;
			containerPortal = 83CBB9F71A601CBA00E9B192 /* Project object */;
			proxyType = 1;
			remoteGlobalIDString = 5DB05CD94A5A4403A0D86718;
			remoteInfo = NotificationServiceExtension;
		};
/* End PBXContainerItemProxy section */

/* Begin PBXCopyFilesBuildPhase section */
		39138D9D3BB94FF68565BA96 /* Copy Files */ = {
			isa = PBXCopyFilesBuildPhase;
			buildActionMask = 2147483647;
			dstPath = "";
			dstSubfolderSpec = 13;
			files = (
				BC9F1635FAB8405CAECA8DAD /* NotificationServiceExtension.appex in Copy Files */,
			);
			name = "Copy Files";
			runOnlyForDeploymentPostprocessing = 0;
		};
/* End PBXCopyFilesBuildPhase section */

/* Begin PBXFileReference section */
		13B07F961A680F5B00A75B9A /* uofthacks.app */ = {isa = PBXFileReference; explicitFileType = wrapper.application; includeInIndex = 0; path = uofthacks.app; sourceTree = BUILT_PRODUCTS_DIR; };
		13B07FB51A68108700A75B9A /* Images.xcassets */ = {isa = PBXFileReference; lastKnownFileType = folder.assetcatalog; name = Images.xcassets; path = uofthacks/Images.xcassets; sourceTree = "<group>"; };
		13B07FB61A68108700A75B9A /* Info.plist */ = {isa = PBXFileReference; fileEncoding = 4; lastKnownFileType = text.plist.xml; name = Info.plist; path = uofthacks/Info.plist; sourceTree = "<group>"; };
		189AD8D4A6E5479F8CE90298 /* OpenSans_SemiCondensed-ExtraBold.ttf */ = {isa = PBXFileReference; explicitFileType = undefined; fileEncoding = undefined; includeInIndex = 0; lastKnownFileType = unknown; name = "OpenSans_SemiCondensed-ExtraBold.ttf"; path = "../assets/fonts/OpenSans_SemiCondensed-ExtraBold.ttf"; sourceTree = "<group>"; };
		1CEB9E94BF4F4768982203BC /* OpenSans-Light.ttf */ = {isa = PBXFileReference; explicitFileType = undefined; fileEncoding = undefined; includeInIndex = 0; lastKnownFileType = unknown; name = "OpenSans-Light.ttf"; path = "../assets/fonts/OpenSans-Light.ttf"; sourceTree = "<group>"; };
		1E08BA1D34B74198B2E86284 /* NotificationService.h */ = {isa = PBXFileReference; explicitFileType = undefined; fileEncoding = 4; includeInIndex = 0; lastKnownFileType = sourcecode.c.h; name = NotificationService.h; path = NotificationService.h; sourceTree = "<group>"; };
		2DD7A62327D24B3896D57842 /* OpenSans_SemiCondensed-Light.ttf */ = {isa = PBXFileReference; explicitFileType = undefined; fileEncoding = undefined; includeInIndex = 0; lastKnownFileType = unknown; name = "OpenSans_SemiCondensed-Light.ttf"; path = "../assets/fonts/OpenSans_SemiCondensed-Light.ttf"; sourceTree = "<group>"; };
		2F62DBB367154BC6AC18527E /* OpenSans_SemiCondensed-SemiBold.ttf */ = {isa = PBXFileReference; explicitFileType = undefined; fileEncoding = undefined; includeInIndex = 0; lastKnownFileType = unknown; name = "OpenSans_SemiCondensed-SemiBold.ttf"; path = "../assets/fonts/OpenSans_SemiCondensed-SemiBold.ttf"; sourceTree = "<group>"; };
		2F8C98DC22FD4C46A290A751 /* OpenSans_Condensed-Bold.ttf */ = {isa = PBXFileReference; explicitFileType = undefined; fileEncoding = undefined; includeInIndex = 0; lastKnownFileType = unknown; name = "OpenSans_Condensed-Bold.ttf"; path = "../assets/fonts/OpenSans_Condensed-Bold.ttf"; sourceTree = "<group>"; };
		314D62EBD8C948C0B5642849 /* OpenSans_Condensed-SemiBold.ttf */ = {isa = PBXFileReference; explicitFileType = undefined; fileEncoding = undefined; includeInIndex = 0; lastKnownFileType = unknown; name = "OpenSans_Condensed-SemiBold.ttf"; path = "../assets/fonts/OpenSans_Condensed-SemiBold.ttf"; sourceTree = "<group>"; };
		3B8DAE456268438086279204 /* NotificationServiceExtension.entitlements */ = {isa = PBXFileReference; explicitFileType = undefined; fileEncoding = undefined; includeInIndex = 0; lastKnownFileType = unknown; name = NotificationServiceExtension.entitlements; path = NotificationServiceExtension.entitlements; sourceTree = "<group>"; };
		4989BC35BD9A42EABB527B12 /* OpenSans_Condensed-ExtraBold.ttf */ = {isa = PBXFileReference; explicitFileType = undefined; fileEncoding = undefined; includeInIndex = 0; lastKnownFileType = unknown; name = "OpenSans_Condensed-ExtraBold.ttf"; path = "../assets/fonts/OpenSans_Condensed-ExtraBold.ttf"; sourceTree = "<group>"; };
		4B0ECCAF261546ABB55EC5F8 /* Onest-Thin.ttf */ = {isa = PBXFileReference; explicitFileType = undefined; fileEncoding = undefined; includeInIndex = 0; lastKnownFileType = unknown; name = "Onest-Thin.ttf"; path = "../assets/fonts/Onest-Thin.ttf"; sourceTree = "<group>"; };
		4ECA2721D6304455986B34D4 /* OpenSans-ExtraBold.ttf */ = {isa = PBXFileReference; explicitFileType = undefined; fileEncoding = undefined; includeInIndex = 0; lastKnownFileType = unknown; name = "OpenSans-ExtraBold.ttf"; path = "../assets/fonts/OpenSans-ExtraBold.ttf"; sourceTree = "<group>"; };
		5A17C7BB9B92445DBC965E16 /* Onest-ExtraLight.ttf */ = {isa = PBXFileReference; explicitFileType = undefined; fileEncoding = undefined; includeInIndex = 0; lastKnownFileType = unknown; name = "Onest-ExtraLight.ttf"; path = "../assets/fonts/Onest-ExtraLight.ttf"; sourceTree = "<group>"; };
		62689ADEE5E4492C8A685F17 /* Onest-Light.ttf */ = {isa = PBXFileReference; explicitFileType = undefined; fileEncoding = undefined; includeInIndex = 0; lastKnownFileType = unknown; name = "Onest-Light.ttf"; path = "../assets/fonts/Onest-Light.ttf"; sourceTree = "<group>"; };
		632C3E1B047465AA233A8DD4 /* PrivacyInfo.xcprivacy */ = {isa = PBXFileReference; includeInIndex = 1; name = PrivacyInfo.xcprivacy; path = uofthacks/PrivacyInfo.xcprivacy; sourceTree = "<group>"; };
		6682FCA6B16C25D6483EE2FB /* Pods-uofthacks.debug.xcconfig */ = {isa = PBXFileReference; includeInIndex = 1; lastKnownFileType = text.xcconfig; name = "Pods-uofthacks.debug.xcconfig"; path = "Target Support Files/Pods-uofthacks/Pods-uofthacks.debug.xcconfig"; sourceTree = "<group>"; };
		67EC285F08D04006B396F9B2 /* Onest-Medium.ttf */ = {isa = PBXFileReference; explicitFileType = undefined; fileEncoding = undefined; includeInIndex = 0; lastKnownFileType = unknown; name = "Onest-Medium.ttf"; path = "../assets/fonts/Onest-Medium.ttf"; sourceTree = "<group>"; };
		7A4FC376917B4CB19383716B /* NotificationServiceExtension-Info.plist */ = {isa = PBXFileReference; explicitFileType = undefined; fileEncoding = 4; includeInIndex = 0; lastKnownFileType = text.plist.xml; name = "NotificationServiceExtension-Info.plist"; path = "NotificationServiceExtension-Info.plist"; sourceTree = "<group>"; };
		7A7EB0BFC53F45EF86680956 /* OpenSans_SemiCondensed-Regular.ttf */ = {isa = PBXFileReference; explicitFileType = undefined; fileEncoding = undefined; includeInIndex = 0; lastKnownFileType = unknown; name = "OpenSans_SemiCondensed-Regular.ttf"; path = "../assets/fonts/OpenSans_SemiCondensed-Regular.ttf"; sourceTree = "<group>"; };
		812F5B890C1149B5B2E434E7 /* OpenSans_Condensed-Medium.ttf */ = {isa = PBXFileReference; explicitFileType = undefined; fileEncoding = undefined; includeInIndex = 0; lastKnownFileType = unknown; name = "OpenSans_Condensed-Medium.ttf"; path = "../assets/fonts/OpenSans_Condensed-Medium.ttf"; sourceTree = "<group>"; };
		864B3A629222413D8429D784 /* OpenSans_SemiCondensed-Bold.ttf */ = {isa = PBXFileReference; explicitFileType = undefined; fileEncoding = undefined; includeInIndex = 0; lastKnownFileType = unknown; name = "OpenSans_SemiCondensed-Bold.ttf"; path = "../assets/fonts/OpenSans_SemiCondensed-Bold.ttf"; sourceTree = "<group>"; };
		89C5C5E3A1B44D7BAC7B6FD4 /* NotificationServiceExtension.appex */ = {isa = PBXFileReference; explicitFileType = "wrapper.app-extension"; fileEncoding = undefined; includeInIndex = 0; lastKnownFileType = undefined; name = NotificationServiceExtension.appex; path = NotificationServiceExtension.appex; sourceTree = BUILT_PRODUCTS_DIR; };
		922FC0DFB8564AA6B8338694 /* OpenSans-VariableFont_wdth,wght.ttf */ = {isa = PBXFileReference; explicitFileType = undefined; fileEncoding = undefined; includeInIndex = 0; lastKnownFileType = unknown; name = "OpenSans-VariableFont_wdth,wght.ttf"; path = "../assets/fonts/OpenSans-VariableFont_wdth,wght.ttf"; sourceTree = "<group>"; };
		938E944894D64188B58E0FF7 /* OpenSans-SemiBold.ttf */ = {isa = PBXFileReference; explicitFileType = undefined; fileEncoding = undefined; includeInIndex = 0; lastKnownFileType = unknown; name = "OpenSans-SemiBold.ttf"; path = "../assets/fonts/OpenSans-SemiBold.ttf"; sourceTree = "<group>"; };
		97AFA6E85E6D467C8F97E4D2 /* Onest-ExtraBold.ttf */ = {isa = PBXFileReference; explicitFileType = undefined; fileEncoding = undefined; includeInIndex = 0; lastKnownFileType = unknown; name = "Onest-ExtraBold.ttf"; path = "../assets/fonts/Onest-ExtraBold.ttf"; sourceTree = "<group>"; };
		A18CFA21F5094D59A5474AC4 /* OpenSans_SemiCondensed-Medium.ttf */ = {isa = PBXFileReference; explicitFileType = undefined; fileEncoding = undefined; includeInIndex = 0; lastKnownFileType = unknown; name = "OpenSans_SemiCondensed-Medium.ttf"; path = "../assets/fonts/OpenSans_SemiCondensed-Medium.ttf"; sourceTree = "<group>"; };
		A35DB966F8F64829829484BD /* Onest-Bold.ttf */ = {isa = PBXFileReference; explicitFileType = undefined; fileEncoding = undefined; includeInIndex = 0; lastKnownFileType = unknown; name = "Onest-Bold.ttf"; path = "../assets/fonts/Onest-Bold.ttf"; sourceTree = "<group>"; };
		A7FFA70647994D1992D1C87E /* OpenSans_Condensed-Light.ttf */ = {isa = PBXFileReference; explicitFileType = undefined; fileEncoding = undefined; includeInIndex = 0; lastKnownFileType = unknown; name = "OpenSans_Condensed-Light.ttf"; path = "../assets/fonts/OpenSans_Condensed-Light.ttf"; sourceTree = "<group>"; };
		AA286B85B6C04FC6940260E9 /* SplashScreen.storyboard */ = {isa = PBXFileReference; fileEncoding = 4; lastKnownFileType = file.storyboard; name = SplashScreen.storyboard; path = uofthacks/SplashScreen.storyboard; sourceTree = "<group>"; };
		B0DDF4E6C117D8A99C11C4E4 /* ExpoModulesProvider.swift */ = {isa = PBXFileReference; includeInIndex = 1; lastKnownFileType = sourcecode.swift; name = ExpoModulesProvider.swift; path = "Pods/Target Support Files/Pods-uofthacks/ExpoModulesProvider.swift"; sourceTree = "<group>"; };
		B89A57AC3CA84644A2B9A702 /* Onest-SemiBold.ttf */ = {isa = PBXFileReference; explicitFileType = undefined; fileEncoding = undefined; includeInIndex = 0; lastKnownFileType = unknown; name = "Onest-SemiBold.ttf"; path = "../assets/fonts/Onest-SemiBold.ttf"; sourceTree = "<group>"; };
		BB2F792C24A3F905000567C9 /* Expo.plist */ = {isa = PBXFileReference; fileEncoding = 4; lastKnownFileType = text.plist.xml; path = Expo.plist; sourceTree = "<group>"; };
		BB5A11F3D4FB459BA200DD37 /* Onest-Black.ttf */ = {isa = PBXFileReference; explicitFileType = undefined; fileEncoding = undefined; includeInIndex = 0; lastKnownFileType = unknown; name = "Onest-Black.ttf"; path = "../assets/fonts/Onest-Black.ttf"; sourceTree = "<group>"; };
		D5030DA847324C448E0392F5 /* OpenSans-Medium.ttf */ = {isa = PBXFileReference; explicitFileType = undefined; fileEncoding = undefined; includeInIndex = 0; lastKnownFileType = unknown; name = "OpenSans-Medium.ttf"; path = "../assets/fonts/OpenSans-Medium.ttf"; sourceTree = "<group>"; };
		D52DD043AF0BBB01946163CF /* libPods-uofthacks.a */ = {isa = PBXFileReference; explicitFileType = archive.ar; includeInIndex = 0; path = "libPods-uofthacks.a"; sourceTree = BUILT_PRODUCTS_DIR; };
		D911422E1A7E443083D6BC5E /* NotificationService.m */ = {isa = PBXFileReference; explicitFileType = undefined; fileEncoding = 4; includeInIndex = 0; lastKnownFileType = sourcecode.c.objc; name = NotificationService.m; path = NotificationService.m; sourceTree = "<group>"; };
		DB126C3BC4F04449B547EE93 /* Onest-Regular.ttf */ = {isa = PBXFileReference; explicitFileType = undefined; fileEncoding = undefined; includeInIndex = 0; lastKnownFileType = unknown; name = "Onest-Regular.ttf"; path = "../assets/fonts/Onest-Regular.ttf"; sourceTree = "<group>"; };
		DCDD139BCCAE4CF98364505E /* OpenSans_Condensed-Regular.ttf */ = {isa = PBXFileReference; explicitFileType = undefined; fileEncoding = undefined; includeInIndex = 0; lastKnownFileType = unknown; name = "OpenSans_Condensed-Regular.ttf"; path = "../assets/fonts/OpenSans_Condensed-Regular.ttf"; sourceTree = "<group>"; };
		ED26A712B2AB0BB0DBBEAF2E /* Pods-uofthacks.release.xcconfig */ = {isa = PBXFileReference; includeInIndex = 1; lastKnownFileType = text.xcconfig; name = "Pods-uofthacks.release.xcconfig"; path = "Target Support Files/Pods-uofthacks/Pods-uofthacks.release.xcconfig"; sourceTree = "<group>"; };
		ED297162215061F000B7C4FE /* JavaScriptCore.framework */ = {isa = PBXFileReference; lastKnownFileType = wrapper.framework; name = JavaScriptCore.framework; path = System/Library/Frameworks/JavaScriptCore.framework; sourceTree = SDKROOT; };
		EFEEA9B7684840B19423B714 /* OpenSans-Italic-VariableFont_wdth,wght.ttf */ = {isa = PBXFileReference; explicitFileType = undefined; fileEncoding = undefined; includeInIndex = 0; lastKnownFileType = unknown; name = "OpenSans-Italic-VariableFont_wdth,wght.ttf"; path = "../assets/fonts/OpenSans-Italic-VariableFont_wdth,wght.ttf"; sourceTree = "<group>"; };
		EFFA697D90E4405DBC22472F /* OpenSans-Regular.ttf */ = {isa = PBXFileReference; explicitFileType = undefined; fileEncoding = undefined; includeInIndex = 0; lastKnownFileType = unknown; name = "OpenSans-Regular.ttf"; path = "../assets/fonts/OpenSans-Regular.ttf"; sourceTree = "<group>"; };
		F11748412D0307B40044C1D9 /* AppDelegate.swift */ = {isa = PBXFileReference; lastKnownFileType = sourcecode.swift; name = AppDelegate.swift; path = uofthacks/AppDelegate.swift; sourceTree = "<group>"; };
		F11748442D0722820044C1D9 /* uofthacks-Bridging-Header.h */ = {isa = PBXFileReference; lastKnownFileType = sourcecode.c.h; name = "uofthacks-Bridging-Header.h"; path = "uofthacks/uofthacks-Bridging-Header.h"; sourceTree = "<group>"; };
		F7DBD06CB461497F9A96A998 /* OpenSans-Bold.ttf */ = {isa = PBXFileReference; explicitFileType = undefined; fileEncoding = undefined; includeInIndex = 0; lastKnownFileType = unknown; name = "OpenSans-Bold.ttf"; path = "../assets/fonts/OpenSans-Bold.ttf"; sourceTree = "<group>"; };
/* End PBXFileReference section */

/* Begin PBXFrameworksBuildPhase section */
		13B07F8C1A680F5B00A75B9A /* Frameworks */ = {
			isa = PBXFrameworksBuildPhase;
			buildActionMask = 2147483647;
			files = (
				65AAFFCF91D1AEF0CC3FC760 /* libPods-uofthacks.a in Frameworks */,
			);
			runOnlyForDeploymentPostprocessing = 0;
		};
		4E22ACE32E3A4FB2BEE7501A /* Frameworks */ = {
			isa = PBXFrameworksBuildPhase;
			buildActionMask = 2147483647;
			files = (
			);
			runOnlyForDeploymentPostprocessing = 0;
		};
/* End PBXFrameworksBuildPhase section */

/* Begin PBXGroup section */
		13B07FAE1A68108700A75B9A /* uofthacks */ = {
			isa = PBXGroup;
			children = (
				F11748412D0307B40044C1D9 /* AppDelegate.swift */,
				F11748442D0722820044C1D9 /* uofthacks-Bridging-Header.h */,
				BB2F792B24A3F905000567C9 /* Supporting */,
				13B07FB51A68108700A75B9A /* Images.xcassets */,
				13B07FB61A68108700A75B9A /* Info.plist */,
				AA286B85B6C04FC6940260E9 /* SplashScreen.storyboard */,
				632C3E1B047465AA233A8DD4 /* PrivacyInfo.xcprivacy */,
			);
			name = uofthacks;
			sourceTree = "<group>";
		};
		2D16E6871FA4F8E400B85C8A /* Frameworks */ = {
			isa = PBXGroup;
			children = (
				ED297162215061F000B7C4FE /* JavaScriptCore.framework */,
				D52DD043AF0BBB01946163CF /* libPods-uofthacks.a */,
			);
			name = Frameworks;
			sourceTree = "<group>";
		};
		3CF420E9578345F9B0689A28 /* NotificationServiceExtension */ = {
			isa = PBXGroup;
			children = (
				1E08BA1D34B74198B2E86284 /* NotificationService.h */,
				3B8DAE456268438086279204 /* NotificationServiceExtension.entitlements */,
				7A4FC376917B4CB19383716B /* NotificationServiceExtension-Info.plist */,
				D911422E1A7E443083D6BC5E /* NotificationService.m */,
			);
			name = NotificationServiceExtension;
			path = NotificationServiceExtension;
			sourceTree = "<group>";
		};
		4017A534A4414E6EBC94D195 /* Resources */ = {
			isa = PBXGroup;
			children = (
				4B0ECCAF261546ABB55EC5F8 /* Onest-Thin.ttf */,
				5A17C7BB9B92445DBC965E16 /* Onest-ExtraLight.ttf */,
				62689ADEE5E4492C8A685F17 /* Onest-Light.ttf */,
				DB126C3BC4F04449B547EE93 /* Onest-Regular.ttf */,
				67EC285F08D04006B396F9B2 /* Onest-Medium.ttf */,
				B89A57AC3CA84644A2B9A702 /* Onest-SemiBold.ttf */,
				A35DB966F8F64829829484BD /* Onest-Bold.ttf */,
				97AFA6E85E6D467C8F97E4D2 /* Onest-ExtraBold.ttf */,
				BB5A11F3D4FB459BA200DD37 /* Onest-Black.ttf */,
				1CEB9E94BF4F4768982203BC /* OpenSans-Light.ttf */,
				EFFA697D90E4405DBC22472F /* OpenSans-Regular.ttf */,
				D5030DA847324C448E0392F5 /* OpenSans-Medium.ttf */,
				938E944894D64188B58E0FF7 /* OpenSans-SemiBold.ttf */,
				F7DBD06CB461497F9A96A998 /* OpenSans-Bold.ttf */,
				4ECA2721D6304455986B34D4 /* OpenSans-ExtraBold.ttf */,
				A7FFA70647994D1992D1C87E /* OpenSans_Condensed-Light.ttf */,
				DCDD139BCCAE4CF98364505E /* OpenSans_Condensed-Regular.ttf */,
				812F5B890C1149B5B2E434E7 /* OpenSans_Condensed-Medium.ttf */,
				314D62EBD8C948C0B5642849 /* OpenSans_Condensed-SemiBold.ttf */,
				2F8C98DC22FD4C46A290A751 /* OpenSans_Condensed-Bold.ttf */,
				4989BC35BD9A42EABB527B12 /* OpenSans_Condensed-ExtraBold.ttf */,
				2DD7A62327D24B3896D57842 /* OpenSans_SemiCondensed-Light.ttf */,
				7A7EB0BFC53F45EF86680956 /* OpenSans_SemiCondensed-Regular.ttf */,
				A18CFA21F5094D59A5474AC4 /* OpenSans_SemiCondensed-Medium.ttf */,
				2F62DBB367154BC6AC18527E /* OpenSans_SemiCondensed-SemiBold.ttf */,
				864B3A629222413D8429D784 /* OpenSans_SemiCondensed-Bold.ttf */,
				189AD8D4A6E5479F8CE90298 /* OpenSans_SemiCondensed-ExtraBold.ttf */,
				922FC0DFB8564AA6B8338694 /* OpenSans-VariableFont_wdth,wght.ttf */,
				EFEEA9B7684840B19423B714 /* OpenSans-Italic-VariableFont_wdth,wght.ttf */,
			);
			name = Resources;
			path = "";
			sourceTree = "<group>";
		};
		46199343BA747D13E0310F57 /* uofthacks */ = {
			isa = PBXGroup;
			children = (
				B0DDF4E6C117D8A99C11C4E4 /* ExpoModulesProvider.swift */,
			);
			name = uofthacks;
			sourceTree = "<group>";
		};
		832341AE1AAA6A7D00B99B32 /* Libraries */ = {
			isa = PBXGroup;
			children = (
			);
			name = Libraries;
			sourceTree = "<group>";
		};
		83CBB9F61A601CBA00E9B192 = {
			isa = PBXGroup;
			children = (
				13B07FAE1A68108700A75B9A /* uofthacks */,
				832341AE1AAA6A7D00B99B32 /* Libraries */,
				83CBBA001A601CBA00E9B192 /* Products */,
				2D16E6871FA4F8E400B85C8A /* Frameworks */,
				4017A534A4414E6EBC94D195 /* Resources */,
				3CF420E9578345F9B0689A28 /* NotificationServiceExtension */,
				DB54DCAED5CC911C3E8170C2 /* Pods */,
				8F1370018582C89FFFC3F9D4 /* ExpoModulesProviders */,
			);
			indentWidth = 2;
			sourceTree = "<group>";
			tabWidth = 2;
			usesTabs = 0;
		};
		83CBBA001A601CBA00E9B192 /* Products */ = {
			isa = PBXGroup;
			children = (
				13B07F961A680F5B00A75B9A /* uofthacks.app */,
				89C5C5E3A1B44D7BAC7B6FD4 /* NotificationServiceExtension.appex */,
			);
			name = Products;
			sourceTree = "<group>";
		};
		8F1370018582C89FFFC3F9D4 /* ExpoModulesProviders */ = {
			isa = PBXGroup;
			children = (
				46199343BA747D13E0310F57 /* uofthacks */,
			);
			name = ExpoModulesProviders;
			sourceTree = "<group>";
		};
		BB2F792B24A3F905000567C9 /* Supporting */ = {
			isa = PBXGroup;
			children = (
				BB2F792C24A3F905000567C9 /* Expo.plist */,
			);
			name = Supporting;
			path = uofthacks/Supporting;
			sourceTree = "<group>";
		};
		DB54DCAED5CC911C3E8170C2 /* Pods */ = {
			isa = PBXGroup;
			children = (
				6682FCA6B16C25D6483EE2FB /* Pods-uofthacks.debug.xcconfig */,
				ED26A712B2AB0BB0DBBEAF2E /* Pods-uofthacks.release.xcconfig */,
			);
			name = Pods;
			path = Pods;
			sourceTree = "<group>";
		};
/* End PBXGroup section */

/* Begin PBXNativeTarget section */
		13B07F861A680F5B00A75B9A /* uofthacks */ = {
			isa = PBXNativeTarget;
			buildConfigurationList = 13B07F931A680F5B00A75B9A /* Build configuration list for PBXNativeTarget "uofthacks" */;
			buildPhases = (
				08A4A3CD28434E44B6B9DE2E /* [CP] Check Pods Manifest.lock */,
				670874CC504A53A5EEDD5498 /* [Expo] Configure project */,
				13B07F871A680F5B00A75B9A /* Sources */,
				13B07F8C1A680F5B00A75B9A /* Frameworks */,
				13B07F8E1A680F5B00A75B9A /* Resources */,
				00DD1BFF1BD5951E006B06BC /* Bundle React Native code and images */,
				800E24972A6A228C8D4807E9 /* [CP] Copy Pods Resources */,
				39138D9D3BB94FF68565BA96 /* Copy Files */,
				97BAC4D37C53C4C39086B236 /* [CP] Embed Pods Frameworks */,
			);
			buildRules = (
			);
			dependencies = (
				02299C7841984B1DBE9202E3 /* PBXTargetDependency */,
			);
			name = uofthacks;
			productName = uofthacks;
			productReference = 13B07F961A680F5B00A75B9A /* uofthacks.app */;
			productType = "com.apple.product-type.application";
		};
		5DB05CD94A5A4403A0D86718 /* NotificationServiceExtension */ = {
			isa = PBXNativeTarget;
			buildConfigurationList = 57897E62F6094DF0AD3DE60B /* Build configuration list for PBXNativeTarget "NotificationServiceExtension" */;
			buildPhases = (
				A397BE1B2E0747D3ADBDE13C /* Sources */,
				45B83C77C2794D5B8ACE987C /* Resources */,
				4E22ACE32E3A4FB2BEE7501A /* Frameworks */,
			);
			buildRules = (
			);
			dependencies = (
			);
			name = NotificationServiceExtension;
			productName = NotificationServiceExtension;
			productReference = 89C5C5E3A1B44D7BAC7B6FD4 /* NotificationServiceExtension.appex */;
			productType = "com.apple.product-type.app-extension";
		};
/* End PBXNativeTarget section */

/* Begin PBXProject section */
		83CBB9F71A601CBA00E9B192 /* Project object */ = {
			isa = PBXProject;
			attributes = {
				LastUpgradeCheck = 1130;
				TargetAttributes = {
					13B07F861A680F5B00A75B9A = {
						DevelopmentTeam = undefined;
						LastSwiftMigration = 1250;
					};
					5DB05CD94A5A4403A0D86718 = {
						DevelopmentTeam = undefined;
					};
				};
			};
			buildConfigurationList = 83CBB9FA1A601CBA00E9B192 /* Build configuration list for PBXProject "uofthacks" */;
			compatibilityVersion = "Xcode 3.2";
			developmentRegion = en;
			hasScannedForEncodings = 0;
			knownRegions = (
				en,
				Base,
			);
			mainGroup = 83CBB9F61A601CBA00E9B192;
			productRefGroup = 83CBBA001A601CBA00E9B192 /* Products */;
			projectDirPath = "";
			projectRoot = "";
			targets = (
				13B07F861A680F5B00A75B9A /* uofthacks */,
				5DB05CD94A5A4403A0D86718 /* NotificationServiceExtension */,
			);
		};
/* End PBXProject section */

/* Begin PBXResourcesBuildPhase section */
		13B07F8E1A680F5B00A75B9A /* Resources */ = {
			isa = PBXResourcesBuildPhase;
			buildActionMask = 2147483647;
			files = (
				BB2F792D24A3F905000567C9 /* Expo.plist in Resources */,
				13B07FBF1A68108700A75B9A /* Images.xcassets in Resources */,
				3E461D99554A48A4959DE609 /* SplashScreen.storyboard in Resources */,
				B4C51B5EB36F41FDBF451E6F /* Onest-Thin.ttf in Resources */,
				F9BD90A9CAFC4C9FB108504E /* Onest-ExtraLight.ttf in Resources */,
				D32387EB7F7848669223E4F8 /* Onest-Light.ttf in Resources */,
				F281AA5F17D7489E8FED6CCD /* Onest-Regular.ttf in Resources */,
				24FCF09A1FBD43B6A613D97E /* Onest-Medium.ttf in Resources */,
				B44EEC88ED25482B8FD4FC38 /* Onest-SemiBold.ttf in Resources */,
				8DE98C5F17684A32BD5374D8 /* Onest-Bold.ttf in Resources */,
				27FE61D1D07742C4826DDBFB /* Onest-ExtraBold.ttf in Resources */,
				1C8D7B54116D4E1CA9F82052 /* Onest-Black.ttf in Resources */,
				BFB27A2982064AF5A3288414 /* OpenSans-Light.ttf in Resources */,
				7B3BE445F12146EAAA57B5D5 /* OpenSans-Regular.ttf in Resources */,
				FAA9198E56804597B6C7E4FB /* OpenSans-Medium.ttf in Resources */,
				53F5D6A90BC04AE280AFBAF2 /* OpenSans-SemiBold.ttf in Resources */,
				96928D9FF0F64210BB8DE20F /* OpenSans-Bold.ttf in Resources */,
				D0C834CA03F247C3B48BBEDB /* OpenSans-ExtraBold.ttf in Resources */,
				574E8E844A8C49CC9137BDB5 /* OpenSans_Condensed-Light.ttf in Resources */,
				78250FFDE9D046ED9DE2E88B /* OpenSans_Condensed-Regular.ttf in Resources */,
				C7F7E4FD6F0D46898D12C02D /* OpenSans_Condensed-Medium.ttf in Resources */,
				7BBEAFC3B35141CF8BC4E2DF /* OpenSans_Condensed-SemiBold.ttf in Resources */,
				A006AF8F25E144D99C9E49FB /* OpenSans_Condensed-Bold.ttf in Resources */,
				84FA973E8CBC4EF792177B2C /* OpenSans_Condensed-ExtraBold.ttf in Resources */,
				CF50FE74071046A982DF9048 /* OpenSans_SemiCondensed-Light.ttf in Resources */,
				E4F9FE7E4821454B87D7690C /* OpenSans_SemiCondensed-Regular.ttf in Resources */,
				580883C89B5B4D88A796295D /* OpenSans_SemiCondensed-Medium.ttf in Resources */,
				87BE6931E89E47D7ADD3C126 /* OpenSans_SemiCondensed-SemiBold.ttf in Resources */,
				AE1ED818E83A4F5FA54C8F95 /* OpenSans_SemiCondensed-Bold.ttf in Resources */,
				70871B440D7E4A898728F424 /* OpenSans_SemiCondensed-ExtraBold.ttf in Resources */,
				F5C80F37A0394FDAACBBCE0D /* OpenSans-VariableFont_wdth,wght.ttf in Resources */,
				067767D2B9B04B52B3D8E642 /* OpenSans-Italic-VariableFont_wdth,wght.ttf in Resources */,
				17E31DEA8435660D5A80E4CE /* PrivacyInfo.xcprivacy in Resources */,
			);
			runOnlyForDeploymentPostprocessing = 0;
		};
		45B83C77C2794D5B8ACE987C /* Resources */ = {
			isa = PBXResourcesBuildPhase;
			buildActionMask = 2147483647;
			files = (
			);
			runOnlyForDeploymentPostprocessing = 0;
		};
/* End PBXResourcesBuildPhase section */

/* Begin PBXShellScriptBuildPhase section */
		00DD1BFF1BD5951E006B06BC /* Bundle React Native code and images */ = {
			isa = PBXShellScriptBuildPhase;
			alwaysOutOfDate = 1;
			buildActionMask = 2147483647;
			files = (
			);
			inputPaths = (
				"$(SRCROOT)/.xcode.env",
				"$(SRCROOT)/.xcode.env.local",
			);
			name = "Bundle React Native code and images";
			outputPaths = (
			);
			runOnlyForDeploymentPostprocessing = 0;
			shellPath = /bin/sh;
			shellScript = "if [[ -f \"$PODS_ROOT/../.xcode.env\" ]]; then\n  source \"$PODS_ROOT/../.xcode.env\"\nfi\nif [[ -f \"$PODS_ROOT/../.xcode.env.local\" ]]; then\n  source \"$PODS_ROOT/../.xcode.env.local\"\nfi\n\n# The project root by default is one level up from the ios directory\nexport PROJECT_ROOT=\"$PROJECT_DIR\"/..\n\nif [[ \"$CONFIGURATION\" = *Debug* ]]; then\n  export SKIP_BUNDLING=1\nfi\nif [[ -z \"$ENTRY_FILE\" ]]; then\n  # Set the entry JS file using the bundler's entry resolution.\n  export ENTRY_FILE=\"$(\"$NODE_BINARY\" -e \"require('expo/scripts/resolveAppEntry')\" \"$PROJECT_ROOT\" ios absolute | tail -n 1)\"\nfi\n\nif [[ -z \"$CLI_PATH\" ]]; then\n  # Use Expo CLI\n  export CLI_PATH=\"$(\"$NODE_BINARY\" --print \"require.resolve('@expo/cli', { paths: [require.resolve('expo/package.json')] })\")\"\nfi\nif [[ -z \"$BUNDLE_COMMAND\" ]]; then\n  # Default Expo CLI command for bundling\n  export BUNDLE_COMMAND=\"export:embed\"\nfi\n\n# Source .xcode.env.updates if it exists to allow\n# SKIP_BUNDLING to be unset if needed\nif [[ -f \"$PODS_ROOT/../.xcode.env.updates\" ]]; then\n  source \"$PODS_ROOT/../.xcode.env.updates\"\nfi\n# Source local changes to allow overrides\n# if needed\nif [[ -f \"$PODS_ROOT/../.xcode.env.local\" ]]; then\n  source \"$PODS_ROOT/../.xcode.env.local\"\nfi\n\n`\"$NODE_BINARY\" --print \"require('path').dirname(require.resolve('react-native/package.json')) + '/scripts/react-native-xcode.sh'\"`\n\n";
		};
		08A4A3CD28434E44B6B9DE2E /* [CP] Check Pods Manifest.lock */ = {
			isa = PBXShellScriptBuildPhase;
			buildActionMask = 2147483647;
			files = (
			);
			inputFileListPaths = (
			);
			inputPaths = (
				"${PODS_PODFILE_DIR_PATH}/Podfile.lock",
				"${PODS_ROOT}/Manifest.lock",
			);
			name = "[CP] Check Pods Manifest.lock";
			outputFileListPaths = (
			);
			outputPaths = (
				"$(DERIVED_FILE_DIR)/Pods-uofthacks-checkManifestLockResult.txt",
			);
			runOnlyForDeploymentPostprocessing = 0;
			shellPath = /bin/sh;
			shellScript = "diff \"${PODS_PODFILE_DIR_PATH}/Podfile.lock\" \"${PODS_ROOT}/Manifest.lock\" > /dev/null\nif [ $? != 0 ] ; then\n    # print error to STDERR\n    echo \"error: The sandbox is not in sync with the Podfile.lock. Run 'pod install' or update your CocoaPods installation.\" >&2\n    exit 1\nfi\n# This output is used by Xcode 'outputs' to avoid re-running this script phase.\necho \"SUCCESS\" > \"${SCRIPT_OUTPUT_FILE_0}\"\n";
			showEnvVarsInLog = 0;
		};
		670874CC504A53A5EEDD5498 /* [Expo] Configure project */ = {
			isa = PBXShellScriptBuildPhase;
			alwaysOutOfDate = 1;
			buildActionMask = 2147483647;
			files = (
			);
			inputFileListPaths = (
			);
			inputPaths = (
				"$(SRCROOT)/.xcode.env",
				"$(SRCROOT)/.xcode.env.local",
				"$(SRCROOT)/uofthacks/uofthacks.entitlements",
				"$(SRCROOT)/Pods/Target Support Files/Pods-uofthacks/expo-configure-project.sh",
			);
			name = "[Expo] Configure project";
			outputFileListPaths = (
			);
			outputPaths = (
				"$(SRCROOT)/Pods/Target Support Files/Pods-uofthacks/ExpoModulesProvider.swift",
			);
			runOnlyForDeploymentPostprocessing = 0;
			shellPath = /bin/sh;
			shellScript = "# This script configures Expo modules and generates the modules provider file.\nbash -l -c \"./Pods/Target\\ Support\\ Files/Pods-uofthacks/expo-configure-project.sh\"\n";
		};
		800E24972A6A228C8D4807E9 /* [CP] Copy Pods Resources */ = {
			isa = PBXShellScriptBuildPhase;
			buildActionMask = 2147483647;
			files = (
			);
			inputPaths = (
				"${PODS_ROOT}/Target Support Files/Pods-uofthacks/Pods-uofthacks-resources.sh",
				"${PODS_CONFIGURATION_BUILD_DIR}/EXApplication/ExpoApplication_privacy.bundle",
				"${PODS_CONFIGURATION_BUILD_DIR}/EXConstants/EXConstants.bundle",
				"${PODS_CONFIGURATION_BUILD_DIR}/EXConstants/ExpoConstants_privacy.bundle",
				"${PODS_CONFIGURATION_BUILD_DIR}/EXNotifications/ExpoNotifications_privacy.bundle",
				"${PODS_CONFIGURATION_BUILD_DIR}/ExpoDevice/ExpoDevice_privacy.bundle",
				"${PODS_CONFIGURATION_BUILD_DIR}/ExpoFileSystem/ExpoFileSystem_privacy.bundle",
				"${PODS_CONFIGURATION_BUILD_DIR}/ExpoMediaLibrary/ExpoMediaLibrary_privacy.bundle",
				"${PODS_CONFIGURATION_BUILD_DIR}/ExpoSystemUI/ExpoSystemUI_privacy.bundle",
				"${PODS_CONFIGURATION_BUILD_DIR}/RNSVG/RNSVGFilters.bundle",
				"${PODS_ROOT}/../../node_modules/react-native-vector-icons/Fonts/AntDesign.ttf",
				"${PODS_ROOT}/../../node_modules/react-native-vector-icons/Fonts/Entypo.ttf",
				"${PODS_ROOT}/../../node_modules/react-native-vector-icons/Fonts/EvilIcons.ttf",
				"${PODS_ROOT}/../../node_modules/react-native-vector-icons/Fonts/Feather.ttf",
				"${PODS_ROOT}/../../node_modules/react-native-vector-icons/Fonts/FontAwesome.ttf",
				"${PODS_ROOT}/../../node_modules/react-native-vector-icons/Fonts/FontAwesome5_Brands.ttf",
				"${PODS_ROOT}/../../node_modules/react-native-vector-icons/Fonts/FontAwesome5_Regular.ttf",
				"${PODS_ROOT}/../../node_modules/react-native-vector-icons/Fonts/FontAwesome5_Solid.ttf",
				"${PODS_ROOT}/../../node_modules/react-native-vector-icons/Fonts/FontAwesome6_Brands.ttf",
				"${PODS_ROOT}/../../node_modules/react-native-vector-icons/Fonts/FontAwesome6_Regular.ttf",
				"${PODS_ROOT}/../../node_modules/react-native-vector-icons/Fonts/FontAwesome6_Solid.ttf",
				"${PODS_ROOT}/../../node_modules/react-native-vector-icons/Fonts/Fontisto.ttf",
				"${PODS_ROOT}/../../node_modules/react-native-vector-icons/Fonts/Foundation.ttf",
				"${PODS_ROOT}/../../node_modules/react-native-vector-icons/Fonts/Ionicons.ttf",
				"${PODS_ROOT}/../../node_modules/react-native-vector-icons/Fonts/MaterialCommunityIcons.ttf",
				"${PODS_ROOT}/../../node_modules/react-native-vector-icons/Fonts/MaterialIcons.ttf",
				"${PODS_ROOT}/../../node_modules/react-native-vector-icons/Fonts/Octicons.ttf",
				"${PODS_ROOT}/../../node_modules/react-native-vector-icons/Fonts/SimpleLineIcons.ttf",
				"${PODS_ROOT}/../../node_modules/react-native-vector-icons/Fonts/Zocial.ttf",
				"${PODS_CONFIGURATION_BUILD_DIR}/React-Core/React-Core_privacy.bundle",
				"${PODS_CONFIGURATION_BUILD_DIR}/React-cxxreact/React-cxxreact_privacy.bundle",
				"${PODS_CONFIGURATION_BUILD_DIR}/SDWebImage/SDWebImage.bundle",
				"${PODS_CONFIGURATION_BUILD_DIR}/expo-dev-launcher/EXDevLauncher.bundle",
				"${PODS_CONFIGURATION_BUILD_DIR}/expo-dev-menu/EXDevMenu.bundle",
				"${PODS_CONFIGURATION_BUILD_DIR}/lottie-ios/LottiePrivacyInfo.bundle",
				"${PODS_CONFIGURATION_BUILD_DIR}/lottie-react-native/Lottie_React_Native_Privacy.bundle",
			);
			name = "[CP] Copy Pods Resources";
			outputPaths = (
				"${TARGET_BUILD_DIR}/${UNLOCALIZED_RESOURCES_FOLDER_PATH}/ExpoApplication_privacy.bundle",
				"${TARGET_BUILD_DIR}/${UNLOCALIZED_RESOURCES_FOLDER_PATH}/EXConstants.bundle",
				"${TARGET_BUILD_DIR}/${UNLOCALIZED_RESOURCES_FOLDER_PATH}/ExpoConstants_privacy.bundle",
				"${TARGET_BUILD_DIR}/${UNLOCALIZED_RESOURCES_FOLDER_PATH}/ExpoNotifications_privacy.bundle",
				"${TARGET_BUILD_DIR}/${UNLOCALIZED_RESOURCES_FOLDER_PATH}/ExpoDevice_privacy.bundle",
				"${TARGET_BUILD_DIR}/${UNLOCALIZED_RESOURCES_FOLDER_PATH}/ExpoFileSystem_privacy.bundle",
				"${TARGET_BUILD_DIR}/${UNLOCALIZED_RESOURCES_FOLDER_PATH}/ExpoMediaLibrary_privacy.bundle",
				"${TARGET_BUILD_DIR}/${UNLOCALIZED_RESOURCES_FOLDER_PATH}/ExpoSystemUI_privacy.bundle",
				"${TARGET_BUILD_DIR}/${UNLOCALIZED_RESOURCES_FOLDER_PATH}/RNSVGFilters.bundle",
				"${TARGET_BUILD_DIR}/${UNLOCALIZED_RESOURCES_FOLDER_PATH}/AntDesign.ttf",
				"${TARGET_BUILD_DIR}/${UNLOCALIZED_RESOURCES_FOLDER_PATH}/Entypo.ttf",
				"${TARGET_BUILD_DIR}/${UNLOCALIZED_RESOURCES_FOLDER_PATH}/EvilIcons.ttf",
				"${TARGET_BUILD_DIR}/${UNLOCALIZED_RESOURCES_FOLDER_PATH}/Feather.ttf",
				"${TARGET_BUILD_DIR}/${UNLOCALIZED_RESOURCES_FOLDER_PATH}/FontAwesome.ttf",
				"${TARGET_BUILD_DIR}/${UNLOCALIZED_RESOURCES_FOLDER_PATH}/FontAwesome5_Brands.ttf",
				"${TARGET_BUILD_DIR}/${UNLOCALIZED_RESOURCES_FOLDER_PATH}/FontAwesome5_Regular.ttf",
				"${TARGET_BUILD_DIR}/${UNLOCALIZED_RESOURCES_FOLDER_PATH}/FontAwesome5_Solid.ttf",
				"${TARGET_BUILD_DIR}/${UNLOCALIZED_RESOURCES_FOLDER_PATH}/FontAwesome6_Brands.ttf",
				"${TARGET_BUILD_DIR}/${UNLOCALIZED_RESOURCES_FOLDER_PATH}/FontAwesome6_Regular.ttf",
				"${TARGET_BUILD_DIR}/${UNLOCALIZED_RESOURCES_FOLDER_PATH}/FontAwesome6_Solid.ttf",
				"${TARGET_BUILD_DIR}/${UNLOCALIZED_RESOURCES_FOLDER_PATH}/Fontisto.ttf",
				"${TARGET_BUILD_DIR}/${UNLOCALIZED_RESOURCES_FOLDER_PATH}/Foundation.ttf",
				"${TARGET_BUILD_DIR}/${UNLOCALIZED_RESOURCES_FOLDER_PATH}/Ionicons.ttf",
				"${TARGET_BUILD_DIR}/${UNLOCALIZED_RESOURCES_FOLDER_PATH}/MaterialCommunityIcons.ttf",
				"${TARGET_BUILD_DIR}/${UNLOCALIZED_RESOURCES_FOLDER_PATH}/MaterialIcons.ttf",
				"${TARGET_BUILD_DIR}/${UNLOCALIZED_RESOURCES_FOLDER_PATH}/Octicons.ttf",
				"${TARGET_BUILD_DIR}/${UNLOCALIZED_RESOURCES_FOLDER_PATH}/SimpleLineIcons.ttf",
				"${TARGET_BUILD_DIR}/${UNLOCALIZED_RESOURCES_FOLDER_PATH}/Zocial.ttf",
				"${TARGET_BUILD_DIR}/${UNLOCALIZED_RESOURCES_FOLDER_PATH}/React-Core_privacy.bundle",
				"${TARGET_BUILD_DIR}/${UNLOCALIZED_RESOURCES_FOLDER_PATH}/React-cxxreact_privacy.bundle",
				"${TARGET_BUILD_DIR}/${UNLOCALIZED_RESOURCES_FOLDER_PATH}/SDWebImage.bundle",
				"${TARGET_BUILD_DIR}/${UNLOCALIZED_RESOURCES_FOLDER_PATH}/EXDevLauncher.bundle",
				"${TARGET_BUILD_DIR}/${UNLOCALIZED_RESOURCES_FOLDER_PATH}/EXDevMenu.bundle",
				"${TARGET_BUILD_DIR}/${UNLOCALIZED_RESOURCES_FOLDER_PATH}/LottiePrivacyInfo.bundle",
				"${TARGET_BUILD_DIR}/${UNLOCALIZED_RESOURCES_FOLDER_PATH}/Lottie_React_Native_Privacy.bundle",
			);
			runOnlyForDeploymentPostprocessing = 0;
			shellPath = /bin/sh;
			shellScript = "\"${PODS_ROOT}/Target Support Files/Pods-uofthacks/Pods-uofthacks-resources.sh\"\n";
			showEnvVarsInLog = 0;
		};
		97BAC4D37C53C4C39086B236 /* [CP] Embed Pods Frameworks */ = {
			isa = PBXShellScriptBuildPhase;
			buildActionMask = 2147483647;
			files = (
			);
			inputPaths = (
				"${PODS_ROOT}/Target Support Files/Pods-uofthacks/Pods-uofthacks-frameworks.sh",
				"${PODS_XCFRAMEWORKS_BUILD_DIR}/React-Core-prebuilt/React.framework/React",
				"${PODS_XCFRAMEWORKS_BUILD_DIR}/ReactNativeDependencies/ReactNativeDependencies.framework/ReactNativeDependencies",
				"${PODS_XCFRAMEWORKS_BUILD_DIR}/hermes-engine/Pre-built/hermes.framework/hermes",
			);
			name = "[CP] Embed Pods Frameworks";
			outputPaths = (
				"${TARGET_BUILD_DIR}/${FRAMEWORKS_FOLDER_PATH}/React.framework",
				"${TARGET_BUILD_DIR}/${FRAMEWORKS_FOLDER_PATH}/ReactNativeDependencies.framework",
				"${TARGET_BUILD_DIR}/${FRAMEWORKS_FOLDER_PATH}/hermes.framework",
			);
			runOnlyForDeploymentPostprocessing = 0;
			shellPath = /bin/sh;
			shellScript = "\"${PODS_ROOT}/Target Support Files/Pods-uofthacks/Pods-uofthacks-frameworks.sh\"\n";
			showEnvVarsInLog = 0;
		};
/* End PBXShellScriptBuildPhase section */

/* Begin PBXSourcesBuildPhase section */
		13B07F871A680F5B00A75B9A /* Sources */ = {
			isa = PBXSourcesBuildPhase;
			buildActionMask = 2147483647;
			files = (
				F11748422D0307B40044C1D9 /* AppDelegate.swift in Sources */,
				ACC0561E6B77C8AEAAFAE8B4 /* ExpoModulesProvider.swift in Sources */,
			);
			runOnlyForDeploymentPostprocessing = 0;
		};
		A397BE1B2E0747D3ADBDE13C /* Sources */ = {
			isa = PBXSourcesBuildPhase;
			buildActionMask = 2147483647;
			files = (
				9A8EF86921B0420E8CBF1D6A /* NotificationService.m in Sources */,
			);
			runOnlyForDeploymentPostprocessing = 0;
		};
/* End PBXSourcesBuildPhase section */

/* Begin PBXTargetDependency section */
		02299C7841984B1DBE9202E3 /* PBXTargetDependency */ = {
			isa = PBXTargetDependency;
			target = 5DB05CD94A5A4403A0D86718 /* NotificationServiceExtension */;
			targetProxy = 315BF57A47504E96A5E9CAEE /* PBXContainerItemProxy */;
		};
/* End PBXTargetDependency section */

/* Begin XCBuildConfiguration section */
		13B07F941A680F5B00A75B9A /* Debug */ = {
			isa = XCBuildConfiguration;
			baseConfigurationReference = 6682FCA6B16C25D6483EE2FB /* Pods-uofthacks.debug.xcconfig */;
			buildSettings = {
				ASSETCATALOG_COMPILER_APPICON_NAME = AppIcon;
				CLANG_ENABLE_MODULES = YES;
				CODE_SIGN_ENTITLEMENTS = uofthacks/uofthacks.entitlements;
				CURRENT_PROJECT_VERSION = 1;
				ENABLE_BITCODE = NO;
				GCC_PREPROCESSOR_DEFINITIONS = (
					"$(inherited)",
					"FB_SONARKIT_ENABLED=1",
				);
				INFOPLIST_FILE = uofthacks/Info.plist;
				IPHONEOS_DEPLOYMENT_TARGET = 15.1;
				LD_RUNPATH_SEARCH_PATHS = (
					"$(inherited)",
					"@executable_path/Frameworks",
				);
				MARKETING_VERSION = 1.0;
				OTHER_LDFLAGS = (
					"$(inherited)",
					"-ObjC",
					"-lc++",
				);
				OTHER_SWIFT_FLAGS = "$(inherited) -D EXPO_CONFIGURATION_DEBUG";
				PRODUCT_BUNDLE_IDENTIFIER = "com.uofthacks.uoft-hacks";
				PRODUCT_NAME = uofthacks;
				SWIFT_OBJC_BRIDGING_HEADER = "uofthacks/uofthacks-Bridging-Header.h";
				SWIFT_OPTIMIZATION_LEVEL = "-Onone";
				SWIFT_VERSION = 5.0;
				TARGETED_DEVICE_FAMILY = "1,2";
				VERSIONING_SYSTEM = "apple-generic";
			};
			name = Debug;
		};
		13B07F951A680F5B00A75B9A /* Release */ = {
			isa = XCBuildConfiguration;
			baseConfigurationReference = ED26A712B2AB0BB0DBBEAF2E /* Pods-uofthacks.release.xcconfig */;
			buildSettings = {
				ASSETCATALOG_COMPILER_APPICON_NAME = AppIcon;
				CLANG_ENABLE_MODULES = YES;
				CODE_SIGN_ENTITLEMENTS = uofthacks/uofthacks.entitlements;
				CURRENT_PROJECT_VERSION = 1;
				INFOPLIST_FILE = uofthacks/Info.plist;
				IPHONEOS_DEPLOYMENT_TARGET = 15.1;
				LD_RUNPATH_SEARCH_PATHS = (
					"$(inherited)",
					"@executable_path/Frameworks",
				);
				MARKETING_VERSION = 1.0;
				OTHER_LDFLAGS = (
					"$(inherited)",
					"-ObjC",
					"-lc++",
				);
				OTHER_SWIFT_FLAGS = "$(inherited) -D EXPO_CONFIGURATION_RELEASE";
				PRODUCT_BUNDLE_IDENTIFIER = "com.uofthacks.uoft-hacks";
				PRODUCT_NAME = uofthacks;
				SWIFT_OBJC_BRIDGING_HEADER = "uofthacks/uofthacks-Bridging-Header.h";
				SWIFT_VERSION = 5.0;
				TARGETED_DEVICE_FAMILY = "1,2";
				VERSIONING_SYSTEM = "apple-generic";
			};
			name = Release;
		};
		1CB9738189F84A2E8FAD4C9F /* Debug */ = {
			isa = XCBuildConfiguration;
			buildSettings = {
				CODE_SIGN_ENTITLEMENTS = NotificationServiceExtension/NotificationServiceExtension.entitlements;
				CODE_SIGN_STYLE = Automatic;
				DEVELOPMENT_TEAM = undefined;
				GCC_PREPROCESSOR_DEFINITIONS = (
					"DEBUG=1",
					"$(inherited)",
				);
				INFOPLIST_FILE = "NotificationServiceExtension/NotificationServiceExtension-Info.plist";
				IPHONEOS_DEPLOYMENT_TARGET = 11.0;
				LD_RUNPATH_SEARCH_PATHS = (
					"$(inherited)",
					"@executable_path/Frameworks",
					"@executable_path/../../Frameworks",
				);
				OTHER_SWIFT_FLAGS = "$(inherited) -D EXPO_CONFIGURATION_DEBUG";
				PRODUCT_BUNDLE_IDENTIFIER = "com.uofthacks.uoft-hacks.NotificationServiceExtension";
				PRODUCT_NAME = NotificationServiceExtension;
				SKIP_INSTALL = YES;
				TARGETED_DEVICE_FAMILY = "1,2";
			};
			name = Debug;
		};
		83CBBA201A601CBA00E9B192 /* Debug */ = {
			isa = XCBuildConfiguration;
			buildSettings = {
				ALWAYS_SEARCH_USER_PATHS = NO;
				CLANG_ANALYZER_LOCALIZABILITY_NONLOCALIZED = YES;
				CLANG_CXX_LANGUAGE_STANDARD = "c++20";
				CLANG_CXX_LIBRARY = "libc++";
				CLANG_ENABLE_MODULES = YES;
				CLANG_ENABLE_OBJC_ARC = YES;
				CLANG_WARN_BLOCK_CAPTURE_AUTORELEASING = YES;
				CLANG_WARN_BOOL_CONVERSION = YES;
				CLANG_WARN_COMMA = YES;
				CLANG_WARN_CONSTANT_CONVERSION = YES;
				CLANG_WARN_DEPRECATED_OBJC_IMPLEMENTATIONS = YES;
				CLANG_WARN_DIRECT_OBJC_ISA_USAGE = YES_ERROR;
				CLANG_WARN_EMPTY_BODY = YES;
				CLANG_WARN_ENUM_CONVERSION = YES;
				CLANG_WARN_INFINITE_RECURSION = YES;
				CLANG_WARN_INT_CONVERSION = YES;
				CLANG_WARN_NON_LITERAL_NULL_CONVERSION = YES;
				CLANG_WARN_OBJC_IMPLICIT_RETAIN_SELF = YES;
				CLANG_WARN_OBJC_LITERAL_CONVERSION = YES;
				CLANG_WARN_OBJC_ROOT_CLASS = YES_ERROR;
				CLANG_WARN_RANGE_LOOP_ANALYSIS = YES;
				CLANG_WARN_STRICT_PROTOTYPES = YES;
				CLANG_WARN_SUSPICIOUS_MOVE = YES;
				CLANG_WARN_UNREACHABLE_CODE = YES;
				CLANG_WARN__DUPLICATE_METHOD_MATCH = YES;
				"CODE_SIGN_IDENTITY[sdk=iphoneos*]" = "iPhone Developer";
				COPY_PHASE_STRIP = NO;
				ENABLE_STRICT_OBJC_MSGSEND = YES;
				ENABLE_TESTABILITY = YES;
				GCC_C_LANGUAGE_STANDARD = gnu99;
				GCC_DYNAMIC_NO_PIC = NO;
				GCC_NO_COMMON_BLOCKS = YES;
				GCC_OPTIMIZATION_LEVEL = 0;
				GCC_PREPROCESSOR_DEFINITIONS = (
					"DEBUG=1",
					"$(inherited)",
				);
				GCC_SYMBOLS_PRIVATE_EXTERN = NO;
				GCC_WARN_64_TO_32_BIT_CONVERSION = YES;
				GCC_WARN_ABOUT_RETURN_TYPE = YES_ERROR;
				GCC_WARN_UNDECLARED_SELECTOR = YES;
				GCC_WARN_UNINITIALIZED_AUTOS = YES_AGGRESSIVE;
				GCC_WARN_UNUSED_FUNCTION = YES;
				GCC_WARN_UNUSED_VARIABLE = YES;
				IPHONEOS_DEPLOYMENT_TARGET = 15.1;
				LD_RUNPATH_SEARCH_PATHS = (
					/usr/lib/swift,
					"$(inherited)",
				);
				LIBRARY_SEARCH_PATHS = "$(SDKROOT)/usr/lib/swift\"$(inherited)\"";
				MTL_ENABLE_DEBUG_INFO = YES;
				ONLY_ACTIVE_ARCH = YES;
				REACT_NATIVE_PATH = "${PODS_ROOT}/../../node_modules/react-native";
				SDKROOT = iphoneos;
				SWIFT_ACTIVE_COMPILATION_CONDITIONS = "$(inherited) DEBUG";
				SWIFT_ENABLE_EXPLICIT_MODULES = NO;
				USE_HERMES = true;
			};
			name = Debug;
		};
		83CBBA211A601CBA00E9B192 /* Release */ = {
			isa = XCBuildConfiguration;
			buildSettings = {
				ALWAYS_SEARCH_USER_PATHS = NO;
				CLANG_ANALYZER_LOCALIZABILITY_NONLOCALIZED = YES;
				CLANG_CXX_LANGUAGE_STANDARD = "c++20";
				CLANG_CXX_LIBRARY = "libc++";
				CLANG_ENABLE_MODULES = YES;
				CLANG_ENABLE_OBJC_ARC = YES;
				CLANG_WARN_BLOCK_CAPTURE_AUTORELEASING = YES;
				CLANG_WARN_BOOL_CONVERSION = YES;
				CLANG_WARN_COMMA = YES;
				CLANG_WARN_CONSTANT_CONVERSION = YES;
				CLANG_WARN_DEPRECATED_OBJC_IMPLEMENTATIONS = YES;
				CLANG_WARN_DIRECT_OBJC_ISA_USAGE = YES_ERROR;
				CLANG_WARN_EMPTY_BODY = YES;
				CLANG_WARN_ENUM_CONVERSION = YES;
				CLANG_WARN_INFINITE_RECURSION = YES;
				CLANG_WARN_INT_CONVERSION = YES;
				CLANG_WARN_NON_LITERAL_NULL_CONVERSION = YES;
				CLANG_WARN_OBJC_IMPLICIT_RETAIN_SELF = YES;
				CLANG_WARN_OBJC_LITERAL_CONVERSION = YES;
				CLANG_WARN_OBJC_ROOT_CLASS = YES_ERROR;
				CLANG_WARN_RANGE_LOOP_ANALYSIS = YES;
				CLANG_WARN_STRICT_PROTOTYPES = YES;
				CLANG_WARN_SUSPICIOUS_MOVE = YES;
				CLANG_WARN_UNREACHABLE_CODE = YES;
				CLANG_WARN__DUPLICATE_METHOD_MATCH = YES;
				"CODE_SIGN_IDENTITY[sdk=iphoneos*]" = "iPhone Developer";
				COPY_PHASE_STRIP = YES;
				ENABLE_NS_ASSERTIONS = NO;
				ENABLE_STRICT_OBJC_MSGSEND = YES;
				GCC_C_LANGUAGE_STANDARD = gnu99;
				GCC_NO_COMMON_BLOCKS = YES;
				GCC_WARN_64_TO_32_BIT_CONVERSION = YES;
				GCC_WARN_ABOUT_RETURN_TYPE = YES_ERROR;
				GCC_WARN_UNDECLARED_SELECTOR = YES;
				GCC_WARN_UNINITIALIZED_AUTOS = YES_AGGRESSIVE;
				GCC_WARN_UNUSED_FUNCTION = YES;
				GCC_WARN_UNUSED_VARIABLE = YES;
				IPHONEOS_DEPLOYMENT_TARGET = 15.1;
				LD_RUNPATH_SEARCH_PATHS = (
					/usr/lib/swift,
					"$(inherited)",
				);
				LIBRARY_SEARCH_PATHS = "$(SDKROOT)/usr/lib/swift\"$(inherited)\"";
				MTL_ENABLE_DEBUG_INFO = NO;
				REACT_NATIVE_PATH = "${PODS_ROOT}/../../node_modules/react-native";
				SDKROOT = iphoneos;
				SWIFT_ENABLE_EXPLICIT_MODULES = NO;
				USE_HERMES = true;
				VALIDATE_PRODUCT = YES;
			};
			name = Release;
		};
		9FC6890ABE154A1E9B56E8B0 /* Release */ = {
			isa = XCBuildConfiguration;
			buildSettings = {
				CODE_SIGN_ENTITLEMENTS = NotificationServiceExtension/NotificationServiceExtension.entitlements;
				CODE_SIGN_STYLE = Automatic;
				DEVELOPMENT_TEAM = undefined;
				INFOPLIST_FILE = "NotificationServiceExtension/NotificationServiceExtension-Info.plist";
				IPHONEOS_DEPLOYMENT_TARGET = 11.0;
				LD_RUNPATH_SEARCH_PATHS = (
					"$(inherited)",
					"@executable_path/Frameworks",
					"@executable_path/../../Frameworks",
				);
				OTHER_SWIFT_FLAGS = "$(inherited) -D EXPO_CONFIGURATION_RELEASE";
				PRODUCT_BUNDLE_IDENTIFIER = "com.uofthacks.uoft-hacks.NotificationServiceExtension";
				PRODUCT_NAME = NotificationServiceExtension;
				SKIP_INSTALL = YES;
				TARGETED_DEVICE_FAMILY = "1,2";
			};
			name = Release;
		};
/* End XCBuildConfiguration section */

/* Begin XCConfigurationList section */
		13B07F931A680F5B00A75B9A /* Build configuration list for PBXNativeTarget "uofthacks" */ = {
			isa = XCConfigurationList;
			buildConfigurations = (
				13B07F941A680F5B00A75B9A /* Debug */,
				13B07F951A680F5B00A75B9A /* Release */,
			);
			defaultConfigurationIsVisible = 0;
			defaultConfigurationName = Release;
		};
		57897E62F6094DF0AD3DE60B /* Build configuration list for PBXNativeTarget "NotificationServiceExtension" */ = {
			isa = XCConfigurationList;
			buildConfigurations = (
				1CB9738189F84A2E8FAD4C9F /* Debug */,
				9FC6890ABE154A1E9B56E8B0 /* Release */,
			);
			defaultConfigurationIsVisible = 0;
			defaultConfigurationName = Release;
		};
		83CBB9FA1A601CBA00E9B192 /* Build configuration list for PBXProject "uofthacks" */ = {
			isa = XCConfigurationList;
			buildConfigurations = (
				83CBBA201A601CBA00E9B192 /* Debug */,
				83CBBA211A601CBA00E9B192 /* Release */,
			);
			defaultConfigurationIsVisible = 0;
			defaultConfigurationName = Release;
		};
/* End XCConfigurationList section */
	};
	rootObject = 83CBB9F71A601CBA00E9B192 /* Project object */;
}
